
Microsoft Visual Studio Solution File, Format Version 12.00
# Visual Studio Version 16
VisualStudioVersion = 16.0.30309.148
MinimumVisualStudioVersion = 10.0.40219.1
Project("{FAE04EC0-301F-11D3-BF4B-00C04F79EFBC}") = "calificaciones", "calificaciones\calificaciones.csproj", "{282F996E-9FEB-4BFE-A42A-AB60CD93E329}"
EndProject
Global
	GlobalSection(SolutionConfigurationPlatforms) = preSolution
		Debug|Any CPU = Debug|Any CPU
		Release|Any CPU = Release|Any CPU
	EndGlobalSection
	GlobalSection(ProjectConfigurationPlatforms) = postSolution
		{282F996E-9FEB-4BFE-A42A-AB60CD93E329}.Debug|Any CPU.ActiveCfg = Debug|Any CPU
		{282F996E-9FEB-4BFE-A42A-AB60CD93E329}.Debug|Any CPU.Build.0 = Debug|Any CPU
		{282F996E-9FEB-4BFE-A42A-AB60CD93E329}.Release|Any CPU.ActiveCfg = Release|Any CPU
		{282F996E-9FEB-4BFE-A42A-AB60CD93E329}.Release|Any CPU.Build.0 = Release|Any CPU
	EndGlobalSection
	GlobalSection(SolutionProperties) = preSolution
		HideSolutionNode = FALSE
	EndGlobalSection
	GlobalSection(ExtensibilityGlobals) = postSolution
		SolutionGuid = {31DE4E3B-38D1-4D62-A151-EB967B0FA41D}
	EndGlobalSection
EndGlobal
