
Microsoft Visual Studio Solution File, Format Version 12.00
# Visual Studio Version 16
VisualStudioVersion = 16.0.30309.148
MinimumVisualStudioVersion = 10.0.40219.1
Project("{FAE04EC0-301F-11D3-BF4B-00C04F79EFBC}") = "fibbonaci", "fibbonaci\fibbonaci.csproj", "{37481B11-BD6B-46B6-AF47-9636F2954D9C}"
EndProject
Global
	GlobalSection(SolutionConfigurationPlatforms) = preSolution
		Debug|Any CPU = Debug|Any CPU
		Release|Any CPU = Release|Any CPU
	EndGlobalSection
	GlobalSection(ProjectConfigurationPlatforms) = postSolution
		{37481B11-BD6B-46B6-AF47-9636F2954D9C}.Debug|Any CPU.ActiveCfg = Debug|Any CPU
		{37481B11-BD6B-46B6-AF47-9636F2954D9C}.Debug|Any CPU.Build.0 = Debug|Any CPU
		{37481B11-BD6B-46B6-AF47-9636F2954D9C}.Release|Any CPU.ActiveCfg = Release|Any CPU
		{37481B11-BD6B-46B6-AF47-9636F2954D9C}.Release|Any CPU.Build.0 = Release|Any CPU
	EndGlobalSection
	GlobalSection(SolutionProperties) = preSolution
		HideSolutionNode = FALSE
	EndGlobalSection
	GlobalSection(ExtensibilityGlobals) = postSolution
		SolutionGuid = {86281176-A383-4088-833D-73793D0BDA7A}
	EndGlobalSection
EndGlobal
