
Microsoft Visual Studio Solution File, Format Version 12.00
# Visual Studio Version 16
VisualStudioVersion = 16.0.31402.337
MinimumVisualStudioVersion = 10.0.40219.1
Project("{FAE04EC0-301F-11D3-BF4B-00C04F79EFBC}") = "enteroabinario", "enteroabinario\enteroabinario.csproj", "{EFE1C70B-3FD4-42CF-BDA0-3F06208F2BBF}"
EndProject
Global
	GlobalSection(SolutionConfigurationPlatforms) = preSolution
		Debug|Any CPU = Debug|Any CPU
		Release|Any CPU = Release|Any CPU
	EndGlobalSection
	GlobalSection(ProjectConfigurationPlatforms) = postSolution
		{EFE1C70B-3FD4-42CF-BDA0-3F06208F2BBF}.Debug|Any CPU.ActiveCfg = Debug|Any CPU
		{EFE1C70B-3FD4-42CF-BDA0-3F06208F2BBF}.Debug|Any CPU.Build.0 = Debug|Any CPU
		{EFE1C70B-3FD4-42CF-BDA0-3F06208F2BBF}.Release|Any CPU.ActiveCfg = Release|Any CPU
		{EFE1C70B-3FD4-42CF-BDA0-3F06208F2BBF}.Release|Any CPU.Build.0 = Release|Any CPU
	EndGlobalSection
	GlobalSection(SolutionProperties) = preSolution
		HideSolutionNode = FALSE
	EndGlobalSection
	GlobalSection(ExtensibilityGlobals) = postSolution
		SolutionGuid = {AFF92A70-D6FA-4B73-BD0B-1EAE4928CC0C}
	EndGlobalSection
EndGlobal
