
Microsoft Visual Studio Solution File, Format Version 12.00
# Visual Studio Version 16
VisualStudioVersion = 16.0.31402.337
MinimumVisualStudioVersion = 10.0.40219.1
Project("{FAE04EC0-301F-11D3-BF4B-00C04F79EFBC}") = "calificacionesfinales", "calificacionesfinales\calificacionesfinales.csproj", "{B1EB23F9-07C3-462E-96D9-75277A284119}"
EndProject
Global
	GlobalSection(SolutionConfigurationPlatforms) = preSolution
		Debug|Any CPU = Debug|Any CPU
		Release|Any CPU = Release|Any CPU
	EndGlobalSection
	GlobalSection(ProjectConfigurationPlatforms) = postSolution
		{B1EB23F9-07C3-462E-96D9-75277A284119}.Debug|Any CPU.ActiveCfg = Debug|Any CPU
		{B1EB23F9-07C3-462E-96D9-75277A284119}.Debug|Any CPU.Build.0 = Debug|Any CPU
		{B1EB23F9-07C3-462E-96D9-75277A284119}.Release|Any CPU.ActiveCfg = Release|Any CPU
		{B1EB23F9-07C3-462E-96D9-75277A284119}.Release|Any CPU.Build.0 = Release|Any CPU
	EndGlobalSection
	GlobalSection(SolutionProperties) = preSolution
		HideSolutionNode = FALSE
	EndGlobalSection
	GlobalSection(ExtensibilityGlobals) = postSolution
		SolutionGuid = {D8B70998-5E9A-4520-AB78-9F650D876859}
	EndGlobalSection
EndGlobal
