
Microsoft Visual Studio Solution File, Format Version 12.00
# Visual Studio Version 16
VisualStudioVersion = 16.0.30309.148
MinimumVisualStudioVersion = 10.0.40219.1
Project("{FAE04EC0-301F-11D3-BF4B-00C04F79EFBC}") = "proyecto ejemplo 2", "proyecto ejemplo 2\proyecto ejemplo 2.csproj", "{A9F00F89-41F5-424B-87DD-CC6DBF1B9D9B}"
EndProject
Global
	GlobalSection(SolutionConfigurationPlatforms) = preSolution
		Debug|Any CPU = Debug|Any CPU
		Release|Any CPU = Release|Any CPU
	EndGlobalSection
	GlobalSection(ProjectConfigurationPlatforms) = postSolution
		{A9F00F89-41F5-424B-87DD-CC6DBF1B9D9B}.Debug|Any CPU.ActiveCfg = Debug|Any CPU
		{A9F00F89-41F5-424B-87DD-CC6DBF1B9D9B}.Debug|Any CPU.Build.0 = Debug|Any CPU
		{A9F00F89-41F5-424B-87DD-CC6DBF1B9D9B}.Release|Any CPU.ActiveCfg = Release|Any CPU
		{A9F00F89-41F5-424B-87DD-CC6DBF1B9D9B}.Release|Any CPU.Build.0 = Release|Any CPU
	EndGlobalSection
	GlobalSection(SolutionProperties) = preSolution
		HideSolutionNode = FALSE
	EndGlobalSection
	GlobalSection(ExtensibilityGlobals) = postSolution
		SolutionGuid = {2B8A6EAF-6B1E-4D59-A94B-DB6FAE6D7A39}
	EndGlobalSection
EndGlobal
